
Microsoft Visual Studio Solution File, Format Version 12.00
# Visual Studio Version 17
VisualStudioVersion = 17.2.32630.192
MinimumVisualStudioVersion = 10.0.40219.1
Project("{9A19103F-16F7-4668-BE54-9A1E7A4F7556}") = "EMSuiteVisualConfigurator.Client", "EMSuiteVisualConfigurator.Client\EMSuiteVisualConfigurator.Client.csproj", "{5CD28712-8075-4F2A-B8CF-0068284BB2E1}"
EndProject
Project("{9A19103F-16F7-4668-BE54-9A1E7A4F7556}") = "EMSuiteVisualConfigurator.CoreBusiness", "EMSuiteVisualConfigurator.CoreBusiness\EMSuiteVisualConfigurator.CoreBusiness.csproj", "{A3F67BE3-8AA0-4AE0-B57D-33CCD96DA58D}"
EndProject
Project("{9A19103F-16F7-4668-BE54-9A1E7A4F7556}") = "EMSuiteVisualConfigurator.Data", "EMSuiteVisualConfigurator.Data\EMSuiteVisualConfigurator.Data.csproj", "{FBC443B5-86C5-4792-85CF-3C75EC1D5800}"
EndProject
Project("{FAE04EC0-301F-11D3-BF4B-00C04F79EFBC}") = "EMSuiteVisualConfigurator.Application", "EMSuiteVisualConfigurator.Application\EMSuiteVisualConfigurator.Application.csproj", "{FD2008F3-EA1A-4803-B917-D6617AE02D9E}"
EndProject
Global
	GlobalSection(SolutionConfigurationPlatforms) = preSolution
		Debug|Any CPU = Debug|Any CPU
		Release|Any CPU = Release|Any CPU
	EndGlobalSection
	GlobalSection(ProjectConfigurationPlatforms) = postSolution
		{5CD28712-8075-4F2A-B8CF-0068284BB2E1}.Debug|Any CPU.ActiveCfg = Debug|Any CPU
		{5CD28712-8075-4F2A-B8CF-0068284BB2E1}.Debug|Any CPU.Build.0 = Debug|Any CPU
		{5CD28712-8075-4F2A-B8CF-0068284BB2E1}.Release|Any CPU.ActiveCfg = Release|Any CPU
		{5CD28712-8075-4F2A-B8CF-0068284BB2E1}.Release|Any CPU.Build.0 = Release|Any CPU
		{A3F67BE3-8AA0-4AE0-B57D-33CCD96DA58D}.Debug|Any CPU.ActiveCfg = Debug|Any CPU
		{A3F67BE3-8AA0-4AE0-B57D-33CCD96DA58D}.Debug|Any CPU.Build.0 = Debug|Any CPU
		{A3F67BE3-8AA0-4AE0-B57D-33CCD96DA58D}.Release|Any CPU.ActiveCfg = Release|Any CPU
		{A3F67BE3-8AA0-4AE0-B57D-33CCD96DA58D}.Release|Any CPU.Build.0 = Release|Any CPU
		{FBC443B5-86C5-4792-85CF-3C75EC1D5800}.Debug|Any CPU.ActiveCfg = Debug|Any CPU
		{FBC443B5-86C5-4792-85CF-3C75EC1D5800}.Debug|Any CPU.Build.0 = Debug|Any CPU
		{FBC443B5-86C5-4792-85CF-3C75EC1D5800}.Release|Any CPU.ActiveCfg = Release|Any CPU
		{FBC443B5-86C5-4792-85CF-3C75EC1D5800}.Release|Any CPU.Build.0 = Release|Any CPU
		{FD2008F3-EA1A-4803-B917-D6617AE02D9E}.Debug|Any CPU.ActiveCfg = Debug|Any CPU
		{FD2008F3-EA1A-4803-B917-D6617AE02D9E}.Debug|Any CPU.Build.0 = Debug|Any CPU
		{FD2008F3-EA1A-4803-B917-D6617AE02D9E}.Release|Any CPU.ActiveCfg = Release|Any CPU
		{FD2008F3-EA1A-4803-B917-D6617AE02D9E}.Release|Any CPU.Build.0 = Release|Any CPU
	EndGlobalSection
	GlobalSection(SolutionProperties) = preSolution
		HideSolutionNode = FALSE
	EndGlobalSection
	GlobalSection(ExtensibilityGlobals) = postSolution
		SolutionGuid = {FDFBB32D-4BAC-4AFF-9336-CF95A7A8BC86}
	EndGlobalSection
EndGlobal
